{
    "version": 3,
    "terraform_version": "0.11.3",
    "serial": 12,
    "lineage": "695a97f2-61e7-4e0c-8c2a-2035abe59b0e",
    "modules": [
        {
            "path": [
                "root"
            ],
            "outputs": {},
            "resources": {
                "aws_internet_gateway.nuovo-gateway": {
                    "type": "aws_internet_gateway",
                    "depends_on": [
                        "aws_vpc.nuovovpc"
                    ],
                    "primary": {
                        "id": "igw-5f554226",
                        "attributes": {
                            "id": "igw-5f554226",
                            "tags.%": "1",
                            "tags.Name": "Nuovo-Internet-Gateway",
                            "vpc_id": "vpc-0c52b377"
                        },
                        "meta": {},
                        "tainted": false
                    },
                    "deposed": [],
                    "provider": "provider.aws"
                },
                "aws_route.nuovo-internet-access": {
                    "type": "aws_route",
                    "depends_on": [
                        "aws_internet_gateway.nuovo-gateway",
                        "aws_vpc.nuovovpc"
                    ],
                    "primary": {
                        "id": "r-rtb-9d9191e01080289494",
                        "attributes": {
                            "destination_cidr_block": "0.0.0.0/0",
                            "destination_prefix_list_id": "",
                            "egress_only_gateway_id": "",
                            "gateway_id": "igw-5f554226",
                            "id": "r-rtb-9d9191e01080289494",
                            "instance_id": "",
                            "instance_owner_id": "",
                            "nat_gateway_id": "",
                            "network_interface_id": "",
                            "origin": "CreateRoute",
                            "route_table_id": "rtb-9d9191e0",
                            "state": "active",
                            "vpc_peering_connection_id": ""
                        },
                        "meta": {},
                        "tainted": false
                    },
                    "deposed": [],
                    "provider": "provider.aws"
                },
                "aws_subnet.Public-Nuovo-Subnet1": {
                    "type": "aws_subnet",
                    "depends_on": [
                        "aws_vpc.nuovovpc"
                    ],
                    "primary": {
                        "id": "subnet-f590e0a8",
                        "attributes": {
                            "assign_ipv6_address_on_creation": "false",
                            "availability_zone": "us-east-1a",
                            "cidr_block": "10.0.1.0/24",
                            "id": "subnet-f590e0a8",
                            "map_public_ip_on_launch": "true",
                            "tags.%": "1",
                            "tags.Name": "Public-Subnet1-Nuovo",
                            "vpc_id": "vpc-0c52b377"
                        },
                        "meta": {
                            "schema_version": "1"
                        },
                        "tainted": false
                    },
                    "deposed": [],
                    "provider": "provider.aws"
                },
                "aws_subnet.private-nuovo-subnet1": {
                    "type": "aws_subnet",
                    "depends_on": [
                        "aws_vpc.nuovovpc"
                    ],
                    "primary": {
                        "id": "subnet-14abdb49",
                        "attributes": {
                            "assign_ipv6_address_on_creation": "false",
                            "availability_zone": "us-east-1a",
                            "cidr_block": "10.0.11.0/24",
                            "id": "subnet-14abdb49",
                            "map_public_ip_on_launch": "false",
                            "tags.%": "1",
                            "tags.Name": "Private-Subnet1-nuovo",
                            "vpc_id": "vpc-0c52b377"
                        },
                        "meta": {
                            "schema_version": "1"
                        },
                        "tainted": false
                    },
                    "deposed": [],
                    "provider": "provider.aws"
                },
                "aws_subnet.private-nuovo-subnet2": {
                    "type": "aws_subnet",
                    "depends_on": [
                        "aws_vpc.nuovovpc"
                    ],
                    "primary": {
                        "id": "subnet-ec517f88",
                        "attributes": {
                            "assign_ipv6_address_on_creation": "false",
                            "availability_zone": "us-east-1b",
                            "cidr_block": "10.0.12.0/24",
                            "id": "subnet-ec517f88",
                            "map_public_ip_on_launch": "false",
                            "tags.%": "1",
                            "tags.Name": "Private-Subnet2-nuovo",
                            "vpc_id": "vpc-0c52b377"
                        },
                        "meta": {
                            "schema_version": "1"
                        },
                        "tainted": false
                    },
                    "deposed": [],
                    "provider": "provider.aws"
                },
                "aws_subnet.private-nuovo-subnet3": {
                    "type": "aws_subnet",
                    "depends_on": [
                        "aws_vpc.nuovovpc"
                    ],
                    "primary": {
                        "id": "subnet-8087fbaf",
                        "attributes": {
                            "assign_ipv6_address_on_creation": "false",
                            "availability_zone": "us-east-1c",
                            "cidr_block": "10.0.13.0/24",
                            "id": "subnet-8087fbaf",
                            "map_public_ip_on_launch": "false",
                            "tags.%": "1",
                            "tags.Name": "Private-Subnet3-nuovo",
                            "vpc_id": "vpc-0c52b377"
                        },
                        "meta": {
                            "schema_version": "1"
                        },
                        "tainted": false
                    },
                    "deposed": [],
                    "provider": "provider.aws"
                },
                "aws_subnet.public-nuovo-subnet2": {
                    "type": "aws_subnet",
                    "depends_on": [
                        "aws_vpc.nuovovpc"
                    ],
                    "primary": {
                        "id": "subnet-4d517f29",
                        "attributes": {
                            "assign_ipv6_address_on_creation": "false",
                            "availability_zone": "us-east-1b",
                            "cidr_block": "10.0.2.0/24",
                            "id": "subnet-4d517f29",
                            "map_public_ip_on_launch": "true",
                            "tags.%": "1",
                            "tags.Name": "Public-Subnet2-Nuovo",
                            "vpc_id": "vpc-0c52b377"
                        },
                        "meta": {
                            "schema_version": "1"
                        },
                        "tainted": false
                    },
                    "deposed": [],
                    "provider": "provider.aws"
                },
                "aws_subnet.public-nuovo-subnet3": {
                    "type": "aws_subnet",
                    "depends_on": [
                        "aws_vpc.nuovovpc"
                    ],
                    "primary": {
                        "id": "subnet-ae84f881",
                        "attributes": {
                            "assign_ipv6_address_on_creation": "false",
                            "availability_zone": "us-east-1c",
                            "cidr_block": "10.0.3.0/24",
                            "id": "subnet-ae84f881",
                            "map_public_ip_on_launch": "true",
                            "tags.%": "1",
                            "tags.Name": "Public-Subnet3-Nuovo",
                            "vpc_id": "vpc-0c52b377"
                        },
                        "meta": {
                            "schema_version": "1"
                        },
                        "tainted": false
                    },
                    "deposed": [],
                    "provider": "provider.aws"
                },
                "aws_vpc.nuovovpc": {
                    "type": "aws_vpc",
                    "depends_on": [],
                    "primary": {
                        "id": "vpc-0c52b377",
                        "attributes": {
                            "assign_generated_ipv6_cidr_block": "false",
                            "cidr_block": "10.0.0.0/16",
                            "default_network_acl_id": "acl-92f582e9",
                            "default_route_table_id": "rtb-9d9191e0",
                            "default_security_group_id": "sg-c616bab1",
                            "dhcp_options_id": "dopt-954a42f2",
                            "enable_classiclink": "false",
                            "enable_classiclink_dns_support": "false",
                            "enable_dns_hostnames": "true",
                            "enable_dns_support": "true",
                            "id": "vpc-0c52b377",
                            "instance_tenancy": "default",
                            "main_route_table_id": "rtb-9d9191e0",
                            "tags.%": "1",
                            "tags.Name": "NuovoVPC"
                        },
                        "meta": {
                            "schema_version": "1"
                        },
                        "tainted": false
                    },
                    "deposed": [],
                    "provider": "provider.aws"
                }
            },
            "depends_on": []
        }
    ]
}
